
Microsoft Visual Studio Solution File, Format Version 12.00
# Visual Studio Version 16
VisualStudioVersion = 16.0.30804.86
MinimumVisualStudioVersion = 10.0.40219.1
Project("{FAE04EC0-301F-11D3-BF4B-00C04F79EFBC}") = "TigerRace", "TigerRace.csproj", "{8AC0BF16-A2FE-48FD-859D-F31D89D9B84B}"
EndProject
Global
	GlobalSection(SolutionConfigurationPlatforms) = preSolution
		Debug|Any CPU = Debug|Any CPU
		Release|Any CPU = Release|Any CPU
	EndGlobalSection
	GlobalSection(ProjectConfigurationPlatforms) = postSolution
		{8AC0BF16-A2FE-48FD-859D-F31D89D9B84B}.Debug|Any CPU.ActiveCfg = Debug|Any CPU
		{8AC0BF16-A2FE-48FD-859D-F31D89D9B84B}.Debug|Any CPU.Build.0 = Debug|Any CPU
		{8AC0BF16-A2FE-48FD-859D-F31D89D9B84B}.Release|Any CPU.ActiveCfg = Release|Any CPU
		{8AC0BF16-A2FE-48FD-859D-F31D89D9B84B}.Release|Any CPU.Build.0 = Release|Any CPU
	EndGlobalSection
	GlobalSection(SolutionProperties) = preSolution
		HideSolutionNode = FALSE
	EndGlobalSection
	GlobalSection(ExtensibilityGlobals) = postSolution
		SolutionGuid = {55735778-3276-4926-9941-E68FA43B4593}
	EndGlobalSection
EndGlobal
